
Microsoft Visual Studio Solution File, Format Version 12.00
# Visual Studio Version 17
VisualStudioVersion = 17.5.33424.131
MinimumVisualStudioVersion = 10.0.40219.1
Project("{FAE04EC0-301F-11D3-BF4B-00C04F79EFBC}") = "GPGorg_activity_check", "GPGorg_activity_check\GPGorg_activity_check.csproj", "{62A294CF-FE46-4FA8-90A9-73C11D1CAA5E}"
EndProject
Global
	GlobalSection(SolutionConfigurationPlatforms) = preSolution
		Debug|Any CPU = Debug|Any CPU
		Release|Any CPU = Release|Any CPU
	EndGlobalSection
	GlobalSection(ProjectConfigurationPlatforms) = postSolution
		{62A294CF-FE46-4FA8-90A9-73C11D1CAA5E}.Debug|Any CPU.ActiveCfg = Debug|Any CPU
		{62A294CF-FE46-4FA8-90A9-73C11D1CAA5E}.Debug|Any CPU.Build.0 = Debug|Any CPU
		{62A294CF-FE46-4FA8-90A9-73C11D1CAA5E}.Release|Any CPU.ActiveCfg = Release|Any CPU
		{62A294CF-FE46-4FA8-90A9-73C11D1CAA5E}.Release|Any CPU.Build.0 = Release|Any CPU
	EndGlobalSection
	GlobalSection(SolutionProperties) = preSolution
		HideSolutionNode = FALSE
	EndGlobalSection
	GlobalSection(ExtensibilityGlobals) = postSolution
		SolutionGuid = {A3CB5F16-EA21-4152-8C3F-C6A8457CE027}
	EndGlobalSection
EndGlobal
